
Microsoft Visual Studio Solution File, Format Version 12.00
# Visual Studio Version 17
VisualStudioVersion = 17.4.33122.133
MinimumVisualStudioVersion = 10.0.40219.1
Project("{9A19103F-16F7-4668-BE54-9A1E7A4F7556}") = "Mapping", "Mapping.csproj", "{30258A03-7ED2-4FEA-B1BD-9E5C014753B6}"
EndProject
Project("{FAE04EC0-301F-11D3-BF4B-00C04F79EFBC}") = "SimpleFramework.Mapping.Tests", "..\SimpleFramework.Mapping.Tests\SimpleFramework.Mapping.Tests.csproj", "{8E852DBB-3C46-4E36-9AE3-B611E2AA9BA6}"
EndProject
Global
	GlobalSection(SolutionConfigurationPlatforms) = preSolution
		Debug|Any CPU = Debug|Any CPU
		Release|Any CPU = Release|Any CPU
	EndGlobalSection
	GlobalSection(ProjectConfigurationPlatforms) = postSolution
		{30258A03-7ED2-4FEA-B1BD-9E5C014753B6}.Debug|Any CPU.ActiveCfg = Debug|Any CPU
		{30258A03-7ED2-4FEA-B1BD-9E5C014753B6}.Debug|Any CPU.Build.0 = Debug|Any CPU
		{30258A03-7ED2-4FEA-B1BD-9E5C014753B6}.Release|Any CPU.ActiveCfg = Release|Any CPU
		{30258A03-7ED2-4FEA-B1BD-9E5C014753B6}.Release|Any CPU.Build.0 = Release|Any CPU
		{8E852DBB-3C46-4E36-9AE3-B611E2AA9BA6}.Debug|Any CPU.ActiveCfg = Debug|Any CPU
		{8E852DBB-3C46-4E36-9AE3-B611E2AA9BA6}.Debug|Any CPU.Build.0 = Debug|Any CPU
		{8E852DBB-3C46-4E36-9AE3-B611E2AA9BA6}.Release|Any CPU.ActiveCfg = Release|Any CPU
		{8E852DBB-3C46-4E36-9AE3-B611E2AA9BA6}.Release|Any CPU.Build.0 = Release|Any CPU
	EndGlobalSection
	GlobalSection(SolutionProperties) = preSolution
		HideSolutionNode = FALSE
	EndGlobalSection
	GlobalSection(ExtensibilityGlobals) = postSolution
		SolutionGuid = {90A4E3D9-5DB1-4333-969B-6DF554971D3A}
	EndGlobalSection
EndGlobal
